
Microsoft Visual Studio Solution File, Format Version 12.00
# Visual Studio Version 16
VisualStudioVersion = 16.0.29215.179
MinimumVisualStudioVersion = 10.0.40219.1
Project("{9A19103F-16F7-4668-BE54-9A1E7A4F7556}") = "NewProject", "NewProject.csproj", "{D3C0B398-84BD-439E-A961-DD1B548332A3}"
EndProject
Global
	GlobalSection(SolutionConfigurationPlatforms) = preSolution
		Debug|Any CPU = Debug|Any CPU
		Release|Any CPU = Release|Any CPU
	EndGlobalSection
	GlobalSection(ProjectConfigurationPlatforms) = postSolution
		{D3C0B398-84BD-439E-A961-DD1B548332A3}.Debug|Any CPU.ActiveCfg = Debug|Any CPU
		{D3C0B398-84BD-439E-A961-DD1B548332A3}.Debug|Any CPU.Build.0 = Debug|Any CPU
		{D3C0B398-84BD-439E-A961-DD1B548332A3}.Release|Any CPU.ActiveCfg = Release|Any CPU
		{D3C0B398-84BD-439E-A961-DD1B548332A3}.Release|Any CPU.Build.0 = Release|Any CPU
	EndGlobalSection
	GlobalSection(SolutionProperties) = preSolution
		HideSolutionNode = FALSE
	EndGlobalSection
	GlobalSection(ExtensibilityGlobals) = postSolution
		SolutionGuid = {C350D14C-E0C4-49B2-A835-000FCAB2405A}
	EndGlobalSection
EndGlobal
